// !$*UTF8*$!
{
	archiveVersion = 1;
	classes = {
	};
	objectVersion = 56;
	objects = {

/* Begin PBXBuildFile section */
		A25C090C2BBC2924009EE551 /* FirebaseHeroApp.swift in Sources */ = {isa = PBXBuildFile; fileRef = A25C090B2BBC2924009EE551 /* FirebaseHeroApp.swift */; };
		A25C09102BBC2925009EE551 /* Assets.xcassets in Resources */ = {isa = PBXBuildFile; fileRef = A25C090F2BBC2925009EE551 /* Assets.xcassets */; };
		A25C09132BBC2925009EE551 /* Preview Assets.xcassets in Resources */ = {isa = PBXBuildFile; fileRef = A25C09122BBC2925009EE551 /* Preview Assets.xcassets */; };
		A25C091D2BBC3087009EE551 /* FirebaseAnalytics in Frameworks */ = {isa = PBXBuildFile; productRef = A25C091C2BBC3087009EE551 /* FirebaseAnalytics */; };
		A25C091F2BBC3087009EE551 /* FirebaseAnalyticsSwift in Frameworks */ = {isa = PBXBuildFile; productRef = A25C091E2BBC3087009EE551 /* FirebaseAnalyticsSwift */; };
		A25C09222BBC3675009EE551 /* FirebaseAuth in Frameworks */ = {isa = PBXBuildFile; productRef = A25C09212BBC3675009EE551 /* FirebaseAuth */; };
		A25C09252BBC3784009EE551 /* AuthenticationView.swift in Sources */ = {isa = PBXBuildFile; fileRef = A25C09242BBC3784009EE551 /* AuthenticationView.swift */; };
		A25C09272BBC3A70009EE551 /* SignInEmailView.swift in Sources */ = {isa = PBXBuildFile; fileRef = A25C09262BBC3A70009EE551 /* SignInEmailView.swift */; };
		A25C09292BBC422F009EE551 /* AuthenticationManager.swift in Sources */ = {isa = PBXBuildFile; fileRef = A25C09282BBC422F009EE551 /* AuthenticationManager.swift */; };
		A282CDF92BFFCE2F004EEB52 /* AddItemView.swift in Sources */ = {isa = PBXBuildFile; fileRef = A282CDF82BFFCE2F004EEB52 /* AddItemView.swift */; };
		A282CDFB2BFFCE3E004EEB52 /* ItemDetailView.swift in Sources */ = {isa = PBXBuildFile; fileRef = A282CDFA2BFFCE3E004EEB52 /* ItemDetailView.swift */; };
		A282CDFD2BFFCE4D004EEB52 /* APIView.swift in Sources */ = {isa = PBXBuildFile; fileRef = A282CDFC2BFFCE4D004EEB52 /* APIView.swift */; };
		A282CE002BFFCF59004EEB52 /* ItemViewModel.swift in Sources */ = {isa = PBXBuildFile; fileRef = A282CDFF2BFFCF59004EEB52 /* ItemViewModel.swift */; };
		A282CE032BFFCF98004EEB52 /* Item.swift in Sources */ = {isa = PBXBuildFile; fileRef = A282CE022BFFCF98004EEB52 /* Item.swift */; };
		A2A918612BC01C52005C58C2 /* GoogleService-Info.plist in Resources */ = {isa = PBXBuildFile; fileRef = A2A918602BC01C52005C58C2 /* GoogleService-Info.plist */; };
		A2A918642BC01D1A005C58C2 /* GoogleSignIn in Frameworks */ = {isa = PBXBuildFile; productRef = A2A918632BC01D1A005C58C2 /* GoogleSignIn */; };
		A2A918662BC01D1A005C58C2 /* GoogleSignInSwift in Frameworks */ = {isa = PBXBuildFile; productRef = A2A918652BC01D1A005C58C2 /* GoogleSignInSwift */; };
		A2A9186A2BC022F2005C58C2 /* Utilities.swift in Sources */ = {isa = PBXBuildFile; fileRef = A2A918692BC022F2005C58C2 /* Utilities.swift */; };
		A2A9186C2BC036FD005C58C2 /* SignInGoogleHelper.swift in Sources */ = {isa = PBXBuildFile; fileRef = A2A9186B2BC036FD005C58C2 /* SignInGoogleHelper.swift */; };
		A2C26B152BDFADFC0027046B /* FirebaseFirestore in Frameworks */ = {isa = PBXBuildFile; productRef = A2C26B142BDFADFC0027046B /* FirebaseFirestore */; };
		A2C26B172BDFADFC0027046B /* FirebaseFirestoreSwift in Frameworks */ = {isa = PBXBuildFile; productRef = A2C26B162BDFADFC0027046B /* FirebaseFirestoreSwift */; };
		A2C7AD902BBEC39300C0644C /* RootView.swift in Sources */ = {isa = PBXBuildFile; fileRef = A2C7AD8F2BBEC39300C0644C /* RootView.swift */; };
		A2D5B0C12BBECE6E008C31BF /* SettingsView.swift in Sources */ = {isa = PBXBuildFile; fileRef = A2D5B0C02BBECE6D008C31BF /* SettingsView.swift */; };
		A2DE04E92BDFAFC3002E6A49 /* SettingsViewModel.swift in Sources */ = {isa = PBXBuildFile; fileRef = A2DE04E82BDFAFC3002E6A49 /* SettingsViewModel.swift */; };
		A2DE04EC2BDFB071002E6A49 /* AuthenticationViewModel.swift in Sources */ = {isa = PBXBuildFile; fileRef = A2DE04EB2BDFB071002E6A49 /* AuthenticationViewModel.swift */; };
		A2DE04EF2BDFB0FD002E6A49 /* SignInEmailViewModel.swift in Sources */ = {isa = PBXBuildFile; fileRef = A2DE04EE2BDFB0FD002E6A49 /* SignInEmailViewModel.swift */; };
		A2DE04F22BDFB160002E6A49 /* ProfileView.swift in Sources */ = {isa = PBXBuildFile; fileRef = A2DE04F12BDFB160002E6A49 /* ProfileView.swift */; };
		A2DE04F52BDFBA68002E6A49 /* UserManager.swift in Sources */ = {isa = PBXBuildFile; fileRef = A2DE04F42BDFBA68002E6A49 /* UserManager.swift */; };
/* End PBXBuildFile section */

/* Begin PBXFileReference section */
		A25C09082BBC2924009EE551 /* FirebaseHero.app */ = {isa = PBXFileReference; explicitFileType = wrapper.application; includeInIndex = 0; path = FirebaseHero.app; sourceTree = BUILT_PRODUCTS_DIR; };
		A25C090B2BBC2924009EE551 /* FirebaseHeroApp.swift */ = {isa = PBXFileReference; lastKnownFileType = sourcecode.swift; path = FirebaseHeroApp.swift; sourceTree = "<group>"; };
		A25C090F2BBC2925009EE551 /* Assets.xcassets */ = {isa = PBXFileReference; lastKnownFileType = folder.assetcatalog; path = Assets.xcassets; sourceTree = "<group>"; };
		A25C09122BBC2925009EE551 /* Preview Assets.xcassets */ = {isa = PBXFileReference; lastKnownFileType = folder.assetcatalog; path = "Preview Assets.xcassets"; sourceTree = "<group>"; };
		A25C09242BBC3784009EE551 /* AuthenticationView.swift */ = {isa = PBXFileReference; lastKnownFileType = sourcecode.swift; path = AuthenticationView.swift; sourceTree = "<group>"; };
		A25C09262BBC3A70009EE551 /* SignInEmailView.swift */ = {isa = PBXFileReference; lastKnownFileType = sourcecode.swift; path = SignInEmailView.swift; sourceTree = "<group>"; };
		A25C09282BBC422F009EE551 /* AuthenticationManager.swift */ = {isa = PBXFileReference; lastKnownFileType = sourcecode.swift; path = AuthenticationManager.swift; sourceTree = "<group>"; };
		A282CDF82BFFCE2F004EEB52 /* AddItemView.swift */ = {isa = PBXFileReference; lastKnownFileType = sourcecode.swift; path = AddItemView.swift; sourceTree = "<group>"; };
		A282CDFA2BFFCE3E004EEB52 /* ItemDetailView.swift */ = {isa = PBXFileReference; lastKnownFileType = sourcecode.swift; path = ItemDetailView.swift; sourceTree = "<group>"; };
		A282CDFC2BFFCE4D004EEB52 /* APIView.swift */ = {isa = PBXFileReference; lastKnownFileType = sourcecode.swift; path = APIView.swift; sourceTree = "<group>"; };
		A282CDFF2BFFCF59004EEB52 /* ItemViewModel.swift */ = {isa = PBXFileReference; lastKnownFileType = sourcecode.swift; path = ItemViewModel.swift; sourceTree = "<group>"; };
		A282CE022BFFCF98004EEB52 /* Item.swift */ = {isa = PBXFileReference; lastKnownFileType = sourcecode.swift; path = Item.swift; sourceTree = "<group>"; };
		A2A918602BC01C52005C58C2 /* GoogleService-Info.plist */ = {isa = PBXFileReference; fileEncoding = 4; lastKnownFileType = text.plist.xml; path = "GoogleService-Info.plist"; sourceTree = "<group>"; };
		A2A918672BC01D73005C58C2 /* Info.plist */ = {isa = PBXFileReference; lastKnownFileType = text.plist; path = Info.plist; sourceTree = "<group>"; };
		A2A918692BC022F2005C58C2 /* Utilities.swift */ = {isa = PBXFileReference; lastKnownFileType = sourcecode.swift; path = Utilities.swift; sourceTree = "<group>"; };
		A2A9186B2BC036FD005C58C2 /* SignInGoogleHelper.swift */ = {isa = PBXFileReference; lastKnownFileType = sourcecode.swift; path = SignInGoogleHelper.swift; sourceTree = "<group>"; };
		A2C7AD8F2BBEC39300C0644C /* RootView.swift */ = {isa = PBXFileReference; lastKnownFileType = sourcecode.swift; path = RootView.swift; sourceTree = "<group>"; };
		A2D5B0C02BBECE6D008C31BF /* SettingsView.swift */ = {isa = PBXFileReference; lastKnownFileType = sourcecode.swift; path = SettingsView.swift; sourceTree = "<group>"; };
		A2DE04E82BDFAFC3002E6A49 /* SettingsViewModel.swift */ = {isa = PBXFileReference; lastKnownFileType = sourcecode.swift; path = SettingsViewModel.swift; sourceTree = "<group>"; };
		A2DE04EB2BDFB071002E6A49 /* AuthenticationViewModel.swift */ = {isa = PBXFileReference; lastKnownFileType = sourcecode.swift; path = AuthenticationViewModel.swift; sourceTree = "<group>"; };
		A2DE04EE2BDFB0FD002E6A49 /* SignInEmailViewModel.swift */ = {isa = PBXFileReference; lastKnownFileType = sourcecode.swift; path = SignInEmailViewModel.swift; sourceTree = "<group>"; };
		A2DE04F12BDFB160002E6A49 /* ProfileView.swift */ = {isa = PBXFileReference; lastKnownFileType = sourcecode.swift; path = ProfileView.swift; sourceTree = "<group>"; };
		A2DE04F42BDFBA68002E6A49 /* UserManager.swift */ = {isa = PBXFileReference; lastKnownFileType = sourcecode.swift; path = UserManager.swift; sourceTree = "<group>"; };
/* End PBXFileReference section */

/* Begin PBXFrameworksBuildPhase section */
		A25C09052BBC2923009EE551 /* Frameworks */ = {
			isa = PBXFrameworksBuildPhase;
			buildActionMask = 2147483647;
			files = (
				A2A918662BC01D1A005C58C2 /* GoogleSignInSwift in Frameworks */,
				A25C091F2BBC3087009EE551 /* FirebaseAnalyticsSwift in Frameworks */,
				A2A918642BC01D1A005C58C2 /* GoogleSignIn in Frameworks */,
				A2C26B172BDFADFC0027046B /* FirebaseFirestoreSwift in Frameworks */,
				A25C09222BBC3675009EE551 /* FirebaseAuth in Frameworks */,
				A25C091D2BBC3087009EE551 /* FirebaseAnalytics in Frameworks */,
				A2C26B152BDFADFC0027046B /* FirebaseFirestore in Frameworks */,
			);
			runOnlyForDeploymentPostprocessing = 0;
		};
/* End PBXFrameworksBuildPhase section */

/* Begin PBXGroup section */
		A25C08FF2BBC2923009EE551 = {
			isa = PBXGroup;
			children = (
				A25C090A2BBC2924009EE551 /* FirebaseHero */,
				A25C09092BBC2924009EE551 /* Products */,
				A25C09202BBC3675009EE551 /* Frameworks */,
			);
			sourceTree = "<group>";
		};
		A25C09092BBC2924009EE551 /* Products */ = {
			isa = PBXGroup;
			children = (
				A25C09082BBC2924009EE551 /* FirebaseHero.app */,
			);
			name = Products;
			sourceTree = "<group>";
		};
		A25C090A2BBC2924009EE551 /* FirebaseHero */ = {
			isa = PBXGroup;
			children = (
				A2A918672BC01D73005C58C2 /* Info.plist */,
				A25C090B2BBC2924009EE551 /* FirebaseHeroApp.swift */,
				A2C26B182BDFAECD0027046B /* Core */,
				A2A918682BC022BD005C58C2 /* Utilities */,
				A25C09232BBC3750009EE551 /* Authentication */,
				A2DE04F32BDFBA37002E6A49 /* Firestore */,
				A2A918602BC01C52005C58C2 /* GoogleService-Info.plist */,
				A25C090F2BBC2925009EE551 /* Assets.xcassets */,
				A25C09112BBC2925009EE551 /* Preview Content */,
			);
			path = FirebaseHero;
			sourceTree = "<group>";
		};
		A25C09112BBC2925009EE551 /* Preview Content */ = {
			isa = PBXGroup;
			children = (
				A25C09122BBC2925009EE551 /* Preview Assets.xcassets */,
			);
			path = "Preview Content";
			sourceTree = "<group>";
		};
		A25C09202BBC3675009EE551 /* Frameworks */ = {
			isa = PBXGroup;
			children = (
			);
			name = Frameworks;
			sourceTree = "<group>";
		};
		A25C09232BBC3750009EE551 /* Authentication */ = {
			isa = PBXGroup;
			children = (
				A25C09282BBC422F009EE551 /* AuthenticationManager.swift */,
				A2A9186B2BC036FD005C58C2 /* SignInGoogleHelper.swift */,
			);
			path = Authentication;
			sourceTree = "<group>";
		};
		A282CDFE2BFFCF26004EEB52 /* ViewModels */ = {
			isa = PBXGroup;
			children = (
				A282CDFF2BFFCF59004EEB52 /* ItemViewModel.swift */,
			);
			path = ViewModels;
			sourceTree = "<group>";
		};
		A282CE012BFFCF7E004EEB52 /* Models */ = {
			isa = PBXGroup;
			children = (
				A282CE022BFFCF98004EEB52 /* Item.swift */,
			);
			path = Models;
			sourceTree = "<group>";
		};
		A2A918682BC022BD005C58C2 /* Utilities */ = {
			isa = PBXGroup;
			children = (
				A2A918692BC022F2005C58C2 /* Utilities.swift */,
			);
			path = Utilities;
			sourceTree = "<group>";
		};
		A2C26B182BDFAECD0027046B /* Core */ = {
			isa = PBXGroup;
			children = (
				A2C7AD8F2BBEC39300C0644C /* RootView.swift */,
				A2DE04EA2BDFB023002E6A49 /* Authentication */,
				A282CE012BFFCF7E004EEB52 /* Models */,
				A282CDFE2BFFCF26004EEB52 /* ViewModels */,
				A2DE04F02BDFB12E002E6A49 /* Profile */,
				A2DE04E72BDFAFA2002E6A49 /* Settings */,
			);
			path = Core;
			sourceTree = "<group>";
		};
		A2DE04E72BDFAFA2002E6A49 /* Settings */ = {
			isa = PBXGroup;
			children = (
				A2D5B0C02BBECE6D008C31BF /* SettingsView.swift */,
				A2DE04E82BDFAFC3002E6A49 /* SettingsViewModel.swift */,
			);
			path = Settings;
			sourceTree = "<group>";
		};
		A2DE04EA2BDFB023002E6A49 /* Authentication */ = {
			isa = PBXGroup;
			children = (
				A25C09242BBC3784009EE551 /* AuthenticationView.swift */,
				A2DE04EB2BDFB071002E6A49 /* AuthenticationViewModel.swift */,
				A2DE04ED2BDFB0A1002E6A49 /* Subviews */,
			);
			path = Authentication;
			sourceTree = "<group>";
		};
		A2DE04ED2BDFB0A1002E6A49 /* Subviews */ = {
			isa = PBXGroup;
			children = (
				A25C09262BBC3A70009EE551 /* SignInEmailView.swift */,
				A2DE04EE2BDFB0FD002E6A49 /* SignInEmailViewModel.swift */,
			);
			path = Subviews;
			sourceTree = "<group>";
		};
		A2DE04F02BDFB12E002E6A49 /* Profile */ = {
			isa = PBXGroup;
			children = (
				A2DE04F12BDFB160002E6A49 /* ProfileView.swift */,
				A282CDF82BFFCE2F004EEB52 /* AddItemView.swift */,
				A282CDFA2BFFCE3E004EEB52 /* ItemDetailView.swift */,
				A282CDFC2BFFCE4D004EEB52 /* APIView.swift */,
			);
			path = Profile;
			sourceTree = "<group>";
		};
		A2DE04F32BDFBA37002E6A49 /* Firestore */ = {
			isa = PBXGroup;
			children = (
				A2DE04F42BDFBA68002E6A49 /* UserManager.swift */,
			);
			path = Firestore;
			sourceTree = "<group>";
		};
/* End PBXGroup section */

/* Begin PBXNativeTarget section */
		A25C09072BBC2923009EE551 /* FirebaseHero */ = {
			isa = PBXNativeTarget;
			buildConfigurationList = A25C09162BBC2926009EE551 /* Build configuration list for PBXNativeTarget "FirebaseHero" */;
			buildPhases = (
				A25C09042BBC2923009EE551 /* Sources */,
				A25C09052BBC2923009EE551 /* Frameworks */,
				A25C09062BBC2923009EE551 /* Resources */,
			);
			buildRules = (
			);
			dependencies = (
			);
			name = FirebaseHero;
			packageProductDependencies = (
				A25C091C2BBC3087009EE551 /* FirebaseAnalytics */,
				A25C091E2BBC3087009EE551 /* FirebaseAnalyticsSwift */,
				A25C09212BBC3675009EE551 /* FirebaseAuth */,
				A2A918632BC01D1A005C58C2 /* GoogleSignIn */,
				A2A918652BC01D1A005C58C2 /* GoogleSignInSwift */,
				A2C26B142BDFADFC0027046B /* FirebaseFirestore */,
				A2C26B162BDFADFC0027046B /* FirebaseFirestoreSwift */,
			);
			productName = FirebaseHero;
			productReference = A25C09082BBC2924009EE551 /* FirebaseHero.app */;
			productType = "com.apple.product-type.application";
		};
/* End PBXNativeTarget section */

/* Begin PBXProject section */
		A25C09002BBC2923009EE551 /* Project object */ = {
			isa = PBXProject;
			attributes = {
				BuildIndependentTargetsInParallel = 1;
				LastSwiftUpdateCheck = 1530;
				LastUpgradeCheck = 1530;
				TargetAttributes = {
					A25C09072BBC2923009EE551 = {
						CreatedOnToolsVersion = 15.3;
					};
				};
			};
			buildConfigurationList = A25C09032BBC2923009EE551 /* Build configuration list for PBXProject "FirebaseHero" */;
			compatibilityVersion = "Xcode 14.0";
			developmentRegion = en;
			hasScannedForEncodings = 0;
			knownRegions = (
				en,
				Base,
			);
			mainGroup = A25C08FF2BBC2923009EE551;
			packageReferences = (
				A25C091B2BBC3087009EE551 /* XCRemoteSwiftPackageReference "firebase-ios-sdk" */,
				A2A918622BC01D1A005C58C2 /* XCRemoteSwiftPackageReference "GoogleSignIn-iOS" */,
			);
			productRefGroup = A25C09092BBC2924009EE551 /* Products */;
			projectDirPath = "";
			projectRoot = "";
			targets = (
				A25C09072BBC2923009EE551 /* FirebaseHero */,
			);
		};
/* End PBXProject section */

/* Begin PBXResourcesBuildPhase section */
		A25C09062BBC2923009EE551 /* Resources */ = {
			isa = PBXResourcesBuildPhase;
			buildActionMask = 2147483647;
			files = (
				A25C09132BBC2925009EE551 /* Preview Assets.xcassets in Resources */,
				A25C09102BBC2925009EE551 /* Assets.xcassets in Resources */,
				A2A918612BC01C52005C58C2 /* GoogleService-Info.plist in Resources */,
			);
			runOnlyForDeploymentPostprocessing = 0;
		};
/* End PBXResourcesBuildPhase section */

/* Begin PBXSourcesBuildPhase section */
		A25C09042BBC2923009EE551 /* Sources */ = {
			isa = PBXSourcesBuildPhase;
			buildActionMask = 2147483647;
			files = (
				A282CDFB2BFFCE3E004EEB52 /* ItemDetailView.swift in Sources */,
				A2D5B0C12BBECE6E008C31BF /* SettingsView.swift in Sources */,
				A282CE002BFFCF59004EEB52 /* ItemViewModel.swift in Sources */,
				A2DE04F22BDFB160002E6A49 /* ProfileView.swift in Sources */,
				A2DE04F52BDFBA68002E6A49 /* UserManager.swift in Sources */,
				A25C090C2BBC2924009EE551 /* FirebaseHeroApp.swift in Sources */,
				A2C7AD902BBEC39300C0644C /* RootView.swift in Sources */,
				A2DE04EC2BDFB071002E6A49 /* AuthenticationViewModel.swift in Sources */,
				A2DE04EF2BDFB0FD002E6A49 /* SignInEmailViewModel.swift in Sources */,
				A2A9186C2BC036FD005C58C2 /* SignInGoogleHelper.swift in Sources */,
				A282CE032BFFCF98004EEB52 /* Item.swift in Sources */,
				A2DE04E92BDFAFC3002E6A49 /* SettingsViewModel.swift in Sources */,
				A282CDF92BFFCE2F004EEB52 /* AddItemView.swift in Sources */,
				A25C09252BBC3784009EE551 /* AuthenticationView.swift in Sources */,
				A25C09292BBC422F009EE551 /* AuthenticationManager.swift in Sources */,
				A282CDFD2BFFCE4D004EEB52 /* APIView.swift in Sources */,
				A2A9186A2BC022F2005C58C2 /* Utilities.swift in Sources */,
				A25C09272BBC3A70009EE551 /* SignInEmailView.swift in Sources */,
			);
			runOnlyForDeploymentPostprocessing = 0;
		};
/* End PBXSourcesBuildPhase section */

/* Begin XCBuildConfiguration section */
		A25C09142BBC2925009EE551 /* Debug */ = {
			isa = XCBuildConfiguration;
			buildSettings = {
				ALWAYS_SEARCH_USER_PATHS = NO;
				ASSETCATALOG_COMPILER_GENERATE_SWIFT_ASSET_SYMBOL_EXTENSIONS = YES;
				CLANG_ANALYZER_NONNULL = YES;
				CLANG_ANALYZER_NUMBER_OBJECT_CONVERSION = YES_AGGRESSIVE;
				CLANG_CXX_LANGUAGE_STANDARD = "gnu++20";
				CLANG_ENABLE_MODULES = YES;
				CLANG_ENABLE_OBJC_ARC = YES;
				CLANG_ENABLE_OBJC_WEAK = YES;
				CLANG_WARN_BLOCK_CAPTURE_AUTORELEASING = YES;
				CLANG_WARN_BOOL_CONVERSION = YES;
				CLANG_WARN_COMMA = YES;
				CLANG_WARN_CONSTANT_CONVERSION = YES;
				CLANG_WARN_DEPRECATED_OBJC_IMPLEMENTATIONS = YES;
				CLANG_WARN_DIRECT_OBJC_ISA_USAGE = YES_ERROR;
				CLANG_WARN_DOCUMENTATION_COMMENTS = YES;
				CLANG_WARN_EMPTY_BODY = YES;
				CLANG_WARN_ENUM_CONVERSION = YES;
				CLANG_WARN_INFINITE_RECURSION = YES;
				CLANG_WARN_INT_CONVERSION = YES;
				CLANG_WARN_NON_LITERAL_NULL_CONVERSION = YES;
				CLANG_WARN_OBJC_IMPLICIT_RETAIN_SELF = YES;
				CLANG_WARN_OBJC_LITERAL_CONVERSION = YES;
				CLANG_WARN_OBJC_ROOT_CLASS = YES_ERROR;
				CLANG_WARN_QUOTED_INCLUDE_IN_FRAMEWORK_HEADER = YES;
				CLANG_WARN_RANGE_LOOP_ANALYSIS = YES;
				CLANG_WARN_STRICT_PROTOTYPES = YES;
				CLANG_WARN_SUSPICIOUS_MOVE = YES;
				CLANG_WARN_UNGUARDED_AVAILABILITY = YES_AGGRESSIVE;
				CLANG_WARN_UNREACHABLE_CODE = YES;
				CLANG_WARN__DUPLICATE_METHOD_MATCH = YES;
				COPY_PHASE_STRIP = NO;
				DEBUG_INFORMATION_FORMAT = dwarf;
				ENABLE_STRICT_OBJC_MSGSEND = YES;
				ENABLE_TESTABILITY = YES;
				ENABLE_USER_SCRIPT_SANDBOXING = YES;
				GCC_C_LANGUAGE_STANDARD = gnu17;
				GCC_DYNAMIC_NO_PIC = NO;
				GCC_NO_COMMON_BLOCKS = YES;
				GCC_OPTIMIZATION_LEVEL = 0;
				GCC_PREPROCESSOR_DEFINITIONS = (
					"DEBUG=1",
					"$(inherited)",
				);
				GCC_WARN_64_TO_32_BIT_CONVERSION = YES;
				GCC_WARN_ABOUT_RETURN_TYPE = YES_ERROR;
				GCC_WARN_UNDECLARED_SELECTOR = YES;
				GCC_WARN_UNINITIALIZED_AUTOS = YES_AGGRESSIVE;
				GCC_WARN_UNUSED_FUNCTION = YES;
				GCC_WARN_UNUSED_VARIABLE = YES;
				IPHONEOS_DEPLOYMENT_TARGET = 17.4;
				LOCALIZATION_PREFERS_STRING_CATALOGS = YES;
				MTL_ENABLE_DEBUG_INFO = INCLUDE_SOURCE;
				MTL_FAST_MATH = YES;
				ONLY_ACTIVE_ARCH = YES;
				SDKROOT = iphoneos;
				SWIFT_ACTIVE_COMPILATION_CONDITIONS = "DEBUG $(inherited)";
				SWIFT_OPTIMIZATION_LEVEL = "-Onone";
			};
			name = Debug;
		};
		A25C09152BBC2925009EE551 /* Release */ = {
			isa = XCBuildConfiguration;
			buildSettings = {
				ALWAYS_SEARCH_USER_PATHS = NO;
				ASSETCATALOG_COMPILER_GENERATE_SWIFT_ASSET_SYMBOL_EXTENSIONS = YES;
				CLANG_ANALYZER_NONNULL = YES;
				CLANG_ANALYZER_NUMBER_OBJECT_CONVERSION = YES_AGGRESSIVE;
				CLANG_CXX_LANGUAGE_STANDARD = "gnu++20";
				CLANG_ENABLE_MODULES = YES;
				CLANG_ENABLE_OBJC_ARC = YES;
				CLANG_ENABLE_OBJC_WEAK = YES;
				CLANG_WARN_BLOCK_CAPTURE_AUTORELEASING = YES;
				CLANG_WARN_BOOL_CONVERSION = YES;
				CLANG_WARN_COMMA = YES;
				CLANG_WARN_CONSTANT_CONVERSION = YES;
				CLANG_WARN_DEPRECATED_OBJC_IMPLEMENTATIONS = YES;
				CLANG_WARN_DIRECT_OBJC_ISA_USAGE = YES_ERROR;
				CLANG_WARN_DOCUMENTATION_COMMENTS = YES;
				CLANG_WARN_EMPTY_BODY = YES;
				CLANG_WARN_ENUM_CONVERSION = YES;
				CLANG_WARN_INFINITE_RECURSION = YES;
				CLANG_WARN_INT_CONVERSION = YES;
				CLANG_WARN_NON_LITERAL_NULL_CONVERSION = YES;
				CLANG_WARN_OBJC_IMPLICIT_RETAIN_SELF = YES;
				CLANG_WARN_OBJC_LITERAL_CONVERSION = YES;
				CLANG_WARN_OBJC_ROOT_CLASS = YES_ERROR;
				CLANG_WARN_QUOTED_INCLUDE_IN_FRAMEWORK_HEADER = YES;
				CLANG_WARN_RANGE_LOOP_ANALYSIS = YES;
				CLANG_WARN_STRICT_PROTOTYPES = YES;
				CLANG_WARN_SUSPICIOUS_MOVE = YES;
				CLANG_WARN_UNGUARDED_AVAILABILITY = YES_AGGRESSIVE;
				CLANG_WARN_UNREACHABLE_CODE = YES;
				CLANG_WARN__DUPLICATE_METHOD_MATCH = YES;
				COPY_PHASE_STRIP = NO;
				DEBUG_INFORMATION_FORMAT = "dwarf-with-dsym";
				ENABLE_NS_ASSERTIONS = NO;
				ENABLE_STRICT_OBJC_MSGSEND = YES;
				ENABLE_USER_SCRIPT_SANDBOXING = YES;
				GCC_C_LANGUAGE_STANDARD = gnu17;
				GCC_NO_COMMON_BLOCKS = YES;
				GCC_WARN_64_TO_32_BIT_CONVERSION = YES;
				GCC_WARN_ABOUT_RETURN_TYPE = YES_ERROR;
				GCC_WARN_UNDECLARED_SELECTOR = YES;
				GCC_WARN_UNINITIALIZED_AUTOS = YES_AGGRESSIVE;
				GCC_WARN_UNUSED_FUNCTION = YES;
				GCC_WARN_UNUSED_VARIABLE = YES;
				IPHONEOS_DEPLOYMENT_TARGET = 17.4;
				LOCALIZATION_PREFERS_STRING_CATALOGS = YES;
				MTL_ENABLE_DEBUG_INFO = NO;
				MTL_FAST_MATH = YES;
				SDKROOT = iphoneos;
				SWIFT_COMPILATION_MODE = wholemodule;
				VALIDATE_PRODUCT = YES;
			};
			name = Release;
		};
		A25C09172BBC2926009EE551 /* Debug */ = {
			isa = XCBuildConfiguration;
			buildSettings = {
				ASSETCATALOG_COMPILER_APPICON_NAME = AppIcon;
				ASSETCATALOG_COMPILER_GLOBAL_ACCENT_COLOR_NAME = AccentColor;
				CODE_SIGN_STYLE = Automatic;
				CURRENT_PROJECT_VERSION = 1;
				DEVELOPMENT_ASSET_PATHS = "\"FirebaseHero/Preview Content\"";
				DEVELOPMENT_TEAM = 2Q448G8AH2;
				ENABLE_PREVIEWS = YES;
				GENERATE_INFOPLIST_FILE = YES;
				INFOPLIST_FILE = FirebaseHero/Info.plist;
				INFOPLIST_KEY_UIApplicationSceneManifest_Generation = YES;
				INFOPLIST_KEY_UIApplicationSupportsIndirectInputEvents = YES;
				INFOPLIST_KEY_UILaunchScreen_Generation = YES;
				INFOPLIST_KEY_UISupportedInterfaceOrientations_iPad = "UIInterfaceOrientationPortrait UIInterfaceOrientationPortraitUpsideDown UIInterfaceOrientationLandscapeLeft UIInterfaceOrientationLandscapeRight";
				INFOPLIST_KEY_UISupportedInterfaceOrientations_iPhone = "UIInterfaceOrientationPortrait UIInterfaceOrientationLandscapeLeft UIInterfaceOrientationLandscapeRight";
				LD_RUNPATH_SEARCH_PATHS = (
					"$(inherited)",
					"@executable_path/Frameworks",
				);
				MARKETING_VERSION = 1.0;
				PRODUCT_BUNDLE_IDENTIFIER = com.andreporto.FirebaseHero;
				PRODUCT_NAME = "$(TARGET_NAME)";
				SWIFT_EMIT_LOC_STRINGS = YES;
				SWIFT_VERSION = 5.0;
				TARGETED_DEVICE_FAMILY = "1,2";
			};
			name = Debug;
		};
		A25C09182BBC2926009EE551 /* Release */ = {
			isa = XCBuildConfiguration;
			buildSettings = {
				ASSETCATALOG_COMPILER_APPICON_NAME = AppIcon;
				ASSETCATALOG_COMPILER_GLOBAL_ACCENT_COLOR_NAME = AccentColor;
				CODE_SIGN_STYLE = Automatic;
				CURRENT_PROJECT_VERSION = 1;
				DEVELOPMENT_ASSET_PATHS = "\"FirebaseHero/Preview Content\"";
				DEVELOPMENT_TEAM = 2Q448G8AH2;
				ENABLE_PREVIEWS = YES;
				GENERATE_INFOPLIST_FILE = YES;
				INFOPLIST_FILE = FirebaseHero/Info.plist;
				INFOPLIST_KEY_UIApplicationSceneManifest_Generation = YES;
				INFOPLIST_KEY_UIApplicationSupportsIndirectInputEvents = YES;
				INFOPLIST_KEY_UILaunchScreen_Generation = YES;
				INFOPLIST_KEY_UISupportedInterfaceOrientations_iPad = "UIInterfaceOrientationPortrait UIInterfaceOrientationPortraitUpsideDown UIInterfaceOrientationLandscapeLeft UIInterfaceOrientationLandscapeRight";
				INFOPLIST_KEY_UISupportedInterfaceOrientations_iPhone = "UIInterfaceOrientationPortrait UIInterfaceOrientationLandscapeLeft UIInterfaceOrientationLandscapeRight";
				LD_RUNPATH_SEARCH_PATHS = (
					"$(inherited)",
					"@executable_path/Frameworks",
				);
				MARKETING_VERSION = 1.0;
				PRODUCT_BUNDLE_IDENTIFIER = com.andreporto.FirebaseHero;
				PRODUCT_NAME = "$(TARGET_NAME)";
				SWIFT_EMIT_LOC_STRINGS = YES;
				SWIFT_VERSION = 5.0;
				TARGETED_DEVICE_FAMILY = "1,2";
			};
			name = Release;
		};
/* End XCBuildConfiguration section */

/* Begin XCConfigurationList section */
		A25C09032BBC2923009EE551 /* Build configuration list for PBXProject "FirebaseHero" */ = {
			isa = XCConfigurationList;
			buildConfigurations = (
				A25C09142BBC2925009EE551 /* Debug */,
				A25C09152BBC2925009EE551 /* Release */,
			);
			defaultConfigurationIsVisible = 0;
			defaultConfigurationName = Release;
		};
		A25C09162BBC2926009EE551 /* Build configuration list for PBXNativeTarget "FirebaseHero" */ = {
			isa = XCConfigurationList;
			buildConfigurations = (
				A25C09172BBC2926009EE551 /* Debug */,
				A25C09182BBC2926009EE551 /* Release */,
			);
			defaultConfigurationIsVisible = 0;
			defaultConfigurationName = Release;
		};
/* End XCConfigurationList section */

/* Begin XCRemoteSwiftPackageReference section */
		A25C091B2BBC3087009EE551 /* XCRemoteSwiftPackageReference "firebase-ios-sdk" */ = {
			isa = XCRemoteSwiftPackageReference;
			repositoryURL = "https://github.com/firebase/firebase-ios-sdk.git";
			requirement = {
				kind = upToNextMajorVersion;
				minimumVersion = 10.23.1;
			};
		};
		A2A918622BC01D1A005C58C2 /* XCRemoteSwiftPackageReference "GoogleSignIn-iOS" */ = {
			isa = XCRemoteSwiftPackageReference;
			repositoryURL = "https://github.com/google/GoogleSignIn-iOS.git";
			requirement = {
				kind = upToNextMajorVersion;
				minimumVersion = 7.1.0;
			};
		};
/* End XCRemoteSwiftPackageReference section */

/* Begin XCSwiftPackageProductDependency section */
		A25C091C2BBC3087009EE551 /* FirebaseAnalytics */ = {
			isa = XCSwiftPackageProductDependency;
			package = A25C091B2BBC3087009EE551 /* XCRemoteSwiftPackageReference "firebase-ios-sdk" */;
			productName = FirebaseAnalytics;
		};
		A25C091E2BBC3087009EE551 /* FirebaseAnalyticsSwift */ = {
			isa = XCSwiftPackageProductDependency;
			package = A25C091B2BBC3087009EE551 /* XCRemoteSwiftPackageReference "firebase-ios-sdk" */;
			productName = FirebaseAnalyticsSwift;
		};
		A25C09212BBC3675009EE551 /* FirebaseAuth */ = {
			isa = XCSwiftPackageProductDependency;
			package = A25C091B2BBC3087009EE551 /* XCRemoteSwiftPackageReference "firebase-ios-sdk" */;
			productName = FirebaseAuth;
		};
		A2A918632BC01D1A005C58C2 /* GoogleSignIn */ = {
			isa = XCSwiftPackageProductDependency;
			package = A2A918622BC01D1A005C58C2 /* XCRemoteSwiftPackageReference "GoogleSignIn-iOS" */;
			productName = GoogleSignIn;
		};
		A2A918652BC01D1A005C58C2 /* GoogleSignInSwift */ = {
			isa = XCSwiftPackageProductDependency;
			package = A2A918622BC01D1A005C58C2 /* XCRemoteSwiftPackageReference "GoogleSignIn-iOS" */;
			productName = GoogleSignInSwift;
		};
		A2C26B142BDFADFC0027046B /* FirebaseFirestore */ = {
			isa = XCSwiftPackageProductDependency;
			package = A25C091B2BBC3087009EE551 /* XCRemoteSwiftPackageReference "firebase-ios-sdk" */;
			productName = FirebaseFirestore;
		};
		A2C26B162BDFADFC0027046B /* FirebaseFirestoreSwift */ = {
			isa = XCSwiftPackageProductDependency;
			package = A25C091B2BBC3087009EE551 /* XCRemoteSwiftPackageReference "firebase-ios-sdk" */;
			productName = FirebaseFirestoreSwift;
		};
/* End XCSwiftPackageProductDependency section */
	};
	rootObject = A25C09002BBC2923009EE551 /* Project object */;
}
